
Microsoft Visual Studio Solution File, Format Version 12.00
# Visual Studio Version 16
VisualStudioVersion = 16.0.31205.134
MinimumVisualStudioVersion = 10.0.40219.1
Project("{FAE04EC0-301F-11D3-BF4B-00C04F79EFBC}") = "GraphTraversing", "GraphTraversing\GraphTraversing.csproj", "{A40AE151-8CAB-4FDA-B9B7-A37B15299258}"
EndProject
Global
	GlobalSection(SolutionConfigurationPlatforms) = preSolution
		Debug|Any CPU = Debug|Any CPU
		Release|Any CPU = Release|Any CPU
	EndGlobalSection
	GlobalSection(ProjectConfigurationPlatforms) = postSolution
		{A40AE151-8CAB-4FDA-B9B7-A37B15299258}.Debug|Any CPU.ActiveCfg = Debug|Any CPU
		{A40AE151-8CAB-4FDA-B9B7-A37B15299258}.Debug|Any CPU.Build.0 = Debug|Any CPU
		{A40AE151-8CAB-4FDA-B9B7-A37B15299258}.Release|Any CPU.ActiveCfg = Release|Any CPU
		{A40AE151-8CAB-4FDA-B9B7-A37B15299258}.Release|Any CPU.Build.0 = Release|Any CPU
	EndGlobalSection
	GlobalSection(SolutionProperties) = preSolution
		HideSolutionNode = FALSE
	EndGlobalSection
	GlobalSection(ExtensibilityGlobals) = postSolution
		SolutionGuid = {705FFFC2-725C-4CD6-A527-65DD23CED381}
	EndGlobalSection
EndGlobal
